github.com/nebari-dev/nebari-hugo-theme v0.0.0-20260618141623-0042a6b600fc h1:LGtkIXkV6AXjgbYU78G059Be6CpJi6+2FADG0/3AH+w=
github.com/nebari-dev/nebari-hugo-theme v0.0.0-20260618141623-0042a6b600fc/go.mod h1:N0PJCjHPJ69fOjfhNfaZsXcr+0CryBTJ7xEx7pmARSk=
github.com/nebari-dev/nebari-hugo-theme v0.1.0 h1:xfzAx5ZEjjn5jrxKox8FtmnaDaBGi8uBZ7NCkziuXPY=
github.com/nebari-dev/nebari-hugo-theme v0.1.0/go.mod h1:N0PJCjHPJ69fOjfhNfaZsXcr+0CryBTJ7xEx7pmARSk=
github.com/nebari-dev/nebari-hugo-theme v0.1.1 h1:yhWGv1J1ipsGW9jZRKo/J7cN84neh4w+jIwBe6mAmXc=
github.com/nebari-dev/nebari-hugo-theme v0.1.1/go.mod h1:N0PJCjHPJ69fOjfhNfaZsXcr+0CryBTJ7xEx7pmARSk=
github.com/nebari-dev/nebari-hugo-theme v0.2.0 h1:OsqVFwvwhmjJCtLe60OIk4lPZb1OUviHHvb4nozWlxE=
github.com/nebari-dev/nebari-hugo-theme v0.2.0/go.mod h1:N0PJCjHPJ69fOjfhNfaZsXcr+0CryBTJ7xEx7pmARSk=
